
Microsoft Visual Studio Solution File, Format Version 12.00
# Visual Studio Version 17
VisualStudioVersion = 17.3.32825.248
MinimumVisualStudioVersion = 10.0.40219.1
Project("{FAE04EC0-301F-11D3-BF4B-00C04F79EFBC}") = "JackTrack", "JackTrack.csproj", "{1F750FD5-C98C-4509-BC92-F0815FC5C04F}"
EndProject
Global
	GlobalSection(SolutionConfigurationPlatforms) = preSolution
		Debug|Any CPU = Debug|Any CPU
		Release|Any CPU = Release|Any CPU
	EndGlobalSection
	GlobalSection(ProjectConfigurationPlatforms) = postSolution
		{1F750FD5-C98C-4509-BC92-F0815FC5C04F}.Debug|Any CPU.ActiveCfg = Debug|Any CPU
		{1F750FD5-C98C-4509-BC92-F0815FC5C04F}.Debug|Any CPU.Build.0 = Debug|Any CPU
		{1F750FD5-C98C-4509-BC92-F0815FC5C04F}.Release|Any CPU.ActiveCfg = Release|Any CPU
		{1F750FD5-C98C-4509-BC92-F0815FC5C04F}.Release|Any CPU.Build.0 = Release|Any CPU
	EndGlobalSection
	GlobalSection(SolutionProperties) = preSolution
		HideSolutionNode = FALSE
	EndGlobalSection
	GlobalSection(ExtensibilityGlobals) = postSolution
		SolutionGuid = {FB697528-A6A4-40FF-961C-EC7E71D690C9}
	EndGlobalSection
EndGlobal
